
Microsoft Visual Studio Solution File, Format Version 12.00
# Visual Studio 15
VisualStudioVersion = 15.0.27703.2047
MinimumVisualStudioVersion = 10.0.40219.1
Project("{FAE04EC0-301F-11D3-BF4B-00C04F79EFBC}") = "YahtzeeKata", "YahtzeeKata\YahtzeeKata.csproj", "{A0624FAB-CD5D-41F0-B5EC-DF5F5692ECAF}"
EndProject
Global
	GlobalSection(SolutionConfigurationPlatforms) = preSolution
		Debug|Any CPU = Debug|Any CPU
		Release|Any CPU = Release|Any CPU
	EndGlobalSection
	GlobalSection(ProjectConfigurationPlatforms) = postSolution
		{A0624FAB-CD5D-41F0-B5EC-DF5F5692ECAF}.Debug|Any CPU.ActiveCfg = Debug|Any CPU
		{A0624FAB-CD5D-41F0-B5EC-DF5F5692ECAF}.Debug|Any CPU.Build.0 = Debug|Any CPU
		{A0624FAB-CD5D-41F0-B5EC-DF5F5692ECAF}.Release|Any CPU.ActiveCfg = Release|Any CPU
		{A0624FAB-CD5D-41F0-B5EC-DF5F5692ECAF}.Release|Any CPU.Build.0 = Release|Any CPU
	EndGlobalSection
	GlobalSection(SolutionProperties) = preSolution
		HideSolutionNode = FALSE
	EndGlobalSection
	GlobalSection(ExtensibilityGlobals) = postSolution
		SolutionGuid = {948E6D33-6BCC-49C3-A67C-C593BB8C8065}
	EndGlobalSection
EndGlobal
